// !$*UTF8*$!
{
	archiveVersion = 1;
	classes = {
	};
	objectVersion = 46;
	objects = {

/* Begin PBXBuildFile section */
		55892A33198E56C10041691B /* ViewController.swift in Sources */ = {isa = PBXBuildFile; fileRef = 5590BFDF198D531A00CB76FB /* ViewController.swift */; };
		5590BFDE198D531A00CB76FB /* AppDelegate.swift in Sources */ = {isa = PBXBuildFile; fileRef = 5590BFDD198D531A00CB76FB /* AppDelegate.swift */; };
		5590BFE0198D531A00CB76FB /* ViewController.swift in Sources */ = {isa = PBXBuildFile; fileRef = 5590BFDF198D531A00CB76FB /* ViewController.swift */; };
		5590BFE3198D531A00CB76FB /* Main.storyboard in Resources */ = {isa = PBXBuildFile; fileRef = 5590BFE1198D531A00CB76FB /* Main.storyboard */; };
		5590BFE5198D531A00CB76FB /* Images.xcassets in Resources */ = {isa = PBXBuildFile; fileRef = 5590BFE4198D531A00CB76FB /* Images.xcassets */; };
		5590BFF1198D531A00CB76FB /* ShriftTrainerTests.swift in Sources */ = {isa = PBXBuildFile; fileRef = 5590BFF0198D531A00CB76FB /* ShriftTrainerTests.swift */; };
		5590BFFB198D558100CB76FB /* QuartzCore.framework in Frameworks */ = {isa = PBXBuildFile; fileRef = 5590BFFA198D558100CB76FB /* QuartzCore.framework */; };
/* End PBXBuildFile section */

/* Begin PBXContainerItemProxy section */
		5590BFEB198D531A00CB76FB /* PBXContainerItemProxy */ = {
			isa = PBXContainerItemProxy;
			containerPortal = 5590BFD0198D531900CB76FB /* Project object */;
			proxyType = 1;
			remoteGlobalIDString = 5590BFD7198D531900CB76FB;
			remoteInfo = ShriftTrainer;
		};
/* End PBXContainerItemProxy section */

/* Begin PBXFileReference section */
		5590BFD8198D531900CB76FB /* ShriftTrainer.app */ = {isa = PBXFileReference; explicitFileType = wrapper.application; includeInIndex = 0; path = ShriftTrainer.app; sourceTree = BUILT_PRODUCTS_DIR; };
		5590BFDC198D531A00CB76FB /* Info.plist */ = {isa = PBXFileReference; lastKnownFileType = text.plist.xml; path = Info.plist; sourceTree = "<group>"; };
		5590BFDD198D531A00CB76FB /* AppDelegate.swift */ = {isa = PBXFileReference; lastKnownFileType = sourcecode.swift; path = AppDelegate.swift; sourceTree = "<group>"; };
		5590BFDF198D531A00CB76FB /* ViewController.swift */ = {isa = PBXFileReference; lastKnownFileType = sourcecode.swift; path = ViewController.swift; sourceTree = "<group>"; };
		5590BFE2198D531A00CB76FB /* Base */ = {isa = PBXFileReference; lastKnownFileType = file.storyboard; name = Base; path = Base.lproj/Main.storyboard; sourceTree = "<group>"; };
		5590BFE4198D531A00CB76FB /* Images.xcassets */ = {isa = PBXFileReference; lastKnownFileType = folder.assetcatalog; path = Images.xcassets; sourceTree = "<group>"; };
		5590BFEA198D531A00CB76FB /* ShriftTrainerTests.xctest */ = {isa = PBXFileReference; explicitFileType = wrapper.cfbundle; includeInIndex = 0; path = ShriftTrainerTests.xctest; sourceTree = BUILT_PRODUCTS_DIR; };
		5590BFEF198D531A00CB76FB /* Info.plist */ = {isa = PBXFileReference; lastKnownFileType = text.plist.xml; path = Info.plist; sourceTree = "<group>"; };
		5590BFF0198D531A00CB76FB /* ShriftTrainerTests.swift */ = {isa = PBXFileReference; lastKnownFileType = sourcecode.swift; path = ShriftTrainerTests.swift; sourceTree = "<group>"; };
		5590BFFA198D558100CB76FB /* QuartzCore.framework */ = {isa = PBXFileReference; lastKnownFileType = wrapper.framework; name = QuartzCore.framework; path = System/Library/Frameworks/QuartzCore.framework; sourceTree = SDKROOT; };
/* End PBXFileReference section */

/* Begin PBXFrameworksBuildPhase section */
		5590BFD5198D531900CB76FB /* Frameworks */ = {
			isa = PBXFrameworksBuildPhase;
			buildActionMask = 2147483647;
			files = (
				5590BFFB198D558100CB76FB /* QuartzCore.framework in Frameworks */,
			);
			runOnlyForDeploymentPostprocessing = 0;
		};
		5590BFE7198D531A00CB76FB /* Frameworks */ = {
			isa = PBXFrameworksBuildPhase;
			buildActionMask = 2147483647;
			files = (
			);
			runOnlyForDeploymentPostprocessing = 0;
		};
/* End PBXFrameworksBuildPhase section */

/* Begin PBXGroup section */
		5590BFCF198D531900CB76FB = {
			isa = PBXGroup;
			children = (
				5590BFFA198D558100CB76FB /* QuartzCore.framework */,
				5590BFDA198D531900CB76FB /* ShriftTrainer */,
				5590BFED198D531A00CB76FB /* ShriftTrainerTests */,
				5590BFD9198D531900CB76FB /* Products */,
			);
			sourceTree = "<group>";
		};
		5590BFD9198D531900CB76FB /* Products */ = {
			isa = PBXGroup;
			children = (
				5590BFD8198D531900CB76FB /* ShriftTrainer.app */,
				5590BFEA198D531A00CB76FB /* ShriftTrainerTests.xctest */,
			);
			name = Products;
			sourceTree = "<group>";
		};
		5590BFDA198D531900CB76FB /* ShriftTrainer */ = {
			isa = PBXGroup;
			children = (
				5590BFDD198D531A00CB76FB /* AppDelegate.swift */,
				5590BFDF198D531A00CB76FB /* ViewController.swift */,
				5590BFE1198D531A00CB76FB /* Main.storyboard */,
				5590BFE4198D531A00CB76FB /* Images.xcassets */,
				5590BFDB198D531900CB76FB /* Supporting Files */,
			);
			path = ShriftTrainer;
			sourceTree = "<group>";
		};
		5590BFDB198D531900CB76FB /* Supporting Files */ = {
			isa = PBXGroup;
			children = (
				5590BFDC198D531A00CB76FB /* Info.plist */,
			);
			name = "Supporting Files";
			sourceTree = "<group>";
		};
		5590BFED198D531A00CB76FB /* ShriftTrainerTests */ = {
			isa = PBXGroup;
			children = (
				5590BFF0198D531A00CB76FB /* ShriftTrainerTests.swift */,
				5590BFEE198D531A00CB76FB /* Supporting Files */,
			);
			path = ShriftTrainerTests;
			sourceTree = "<group>";
		};
		5590BFEE198D531A00CB76FB /* Supporting Files */ = {
			isa = PBXGroup;
			children = (
				5590BFEF198D531A00CB76FB /* Info.plist */,
			);
			name = "Supporting Files";
			sourceTree = "<group>";
		};
/* End PBXGroup section */

/* Begin PBXNativeTarget section */
		5590BFD7198D531900CB76FB /* ShriftTrainer */ = {
			isa = PBXNativeTarget;
			buildConfigurationList = 5590BFF4198D531A00CB76FB /* Build configuration list for PBXNativeTarget "ShriftTrainer" */;
			buildPhases = (
				5590BFD4198D531900CB76FB /* Sources */,
				5590BFD5198D531900CB76FB /* Frameworks */,
				5590BFD6198D531900CB76FB /* Resources */,
			);
			buildRules = (
			);
			dependencies = (
			);
			name = ShriftTrainer;
			productName = ShriftTrainer;
			productReference = 5590BFD8198D531900CB76FB /* ShriftTrainer.app */;
			productType = "com.apple.product-type.application";
		};
		5590BFE9198D531A00CB76FB /* ShriftTrainerTests */ = {
			isa = PBXNativeTarget;
			buildConfigurationList = 5590BFF7198D531A00CB76FB /* Build configuration list for PBXNativeTarget "ShriftTrainerTests" */;
			buildPhases = (
				5590BFE6198D531A00CB76FB /* Sources */,
				5590BFE7198D531A00CB76FB /* Frameworks */,
				5590BFE8198D531A00CB76FB /* Resources */,
			);
			buildRules = (
			);
			dependencies = (
				5590BFEC198D531A00CB76FB /* PBXTargetDependency */,
			);
			name = ShriftTrainerTests;
			productName = ShriftTrainerTests;
			productReference = 5590BFEA198D531A00CB76FB /* ShriftTrainerTests.xctest */;
			productType = "com.apple.product-type.bundle.unit-test";
		};
/* End PBXNativeTarget section */

/* Begin PBXProject section */
		5590BFD0198D531900CB76FB /* Project object */ = {
			isa = PBXProject;
			attributes = {
				LastUpgradeCheck = 0600;
				ORGANIZATIONNAME = "***";
				TargetAttributes = {
					5590BFD7198D531900CB76FB = {
						CreatedOnToolsVersion = 6.0;
					};
					5590BFE9198D531A00CB76FB = {
						CreatedOnToolsVersion = 6.0;
						TestTargetID = 5590BFD7198D531900CB76FB;
					};
				};
			};
			buildConfigurationList = 5590BFD3198D531900CB76FB /* Build configuration list for PBXProject "ShriftTrainer" */;
			compatibilityVersion = "Xcode 3.2";
			developmentRegion = English;
			hasScannedForEncodings = 0;
			knownRegions = (
				en,
				Base,
			);
			mainGroup = 5590BFCF198D531900CB76FB;
			productRefGroup = 5590BFD9198D531900CB76FB /* Products */;
			projectDirPath = "";
			projectRoot = "";
			targets = (
				5590BFD7198D531900CB76FB /* ShriftTrainer */,
				5590BFE9198D531A00CB76FB /* ShriftTrainerTests */,
			);
		};
/* End PBXProject section */

/* Begin PBXResourcesBuildPhase section */
		5590BFD6198D531900CB76FB /* Resources */ = {
			isa = PBXResourcesBuildPhase;
			buildActionMask = 2147483647;
			files = (
				5590BFE3198D531A00CB76FB /* Main.storyboard in Resources */,
				5590BFE5198D531A00CB76FB /* Images.xcassets in Resources */,
			);
			runOnlyForDeploymentPostprocessing = 0;
		};
		5590BFE8198D531A00CB76FB /* Resources */ = {
			isa = PBXResourcesBuildPhase;
			buildActionMask = 2147483647;
			files = (
			);
			runOnlyForDeploymentPostprocessing = 0;
		};
/* End PBXResourcesBuildPhase section */

/* Begin PBXSourcesBuildPhase section */
		5590BFD4198D531900CB76FB /* Sources */ = {
			isa = PBXSourcesBuildPhase;
			buildActionMask = 2147483647;
			files = (
				5590BFE0198D531A00CB76FB /* ViewController.swift in Sources */,
				5590BFDE198D531A00CB76FB /* AppDelegate.swift in Sources */,
			);
			runOnlyForDeploymentPostprocessing = 0;
		};
		5590BFE6198D531A00CB76FB /* Sources */ = {
			isa = PBXSourcesBuildPhase;
			buildActionMask = 2147483647;
			files = (
				55892A33198E56C10041691B /* ViewController.swift in Sources */,
				5590BFF1198D531A00CB76FB /* ShriftTrainerTests.swift in Sources */,
			);
			runOnlyForDeploymentPostprocessing = 0;
		};
/* End PBXSourcesBuildPhase section */

/* Begin PBXTargetDependency section */
		5590BFEC198D531A00CB76FB /* PBXTargetDependency */ = {
			isa = PBXTargetDependency;
			target = 5590BFD7198D531900CB76FB /* ShriftTrainer */;
			targetProxy = 5590BFEB198D531A00CB76FB /* PBXContainerItemProxy */;
		};
/* End PBXTargetDependency section */

/* Begin PBXVariantGroup section */
		5590BFE1198D531A00CB76FB /* Main.storyboard */ = {
			isa = PBXVariantGroup;
			children = (
				5590BFE2198D531A00CB76FB /* Base */,
			);
			name = Main.storyboard;
			sourceTree = "<group>";
		};
/* End PBXVariantGroup section */

/* Begin XCBuildConfiguration section */
		5590BFF2198D531A00CB76FB /* Debug */ = {
			isa = XCBuildConfiguration;
			buildSettings = {
				ALWAYS_SEARCH_USER_PATHS = NO;
				CLANG_CXX_LANGUAGE_STANDARD = "gnu++0x";
				CLANG_CXX_LIBRARY = "libc++";
				CLANG_ENABLE_MODULES = YES;
				CLANG_ENABLE_OBJC_ARC = YES;
				CLANG_WARN_BOOL_CONVERSION = YES;
				CLANG_WARN_CONSTANT_CONVERSION = YES;
				CLANG_WARN_DIRECT_OBJC_ISA_USAGE = YES_ERROR;
				CLANG_WARN_EMPTY_BODY = YES;
				CLANG_WARN_ENUM_CONVERSION = YES;
				CLANG_WARN_INT_CONVERSION = YES;
				CLANG_WARN_OBJC_ROOT_CLASS = YES_ERROR;
				CLANG_WARN_UNREACHABLE_CODE = YES;
				CLANG_WARN__DUPLICATE_METHOD_MATCH = YES;
				"CODE_SIGN_IDENTITY[sdk=iphoneos*]" = "iPhone Developer";
				COPY_PHASE_STRIP = NO;
				ENABLE_STRICT_OBJC_MSGSEND = YES;
				GCC_C_LANGUAGE_STANDARD = gnu99;
				GCC_DYNAMIC_NO_PIC = NO;
				GCC_OPTIMIZATION_LEVEL = 0;
				GCC_PREPROCESSOR_DEFINITIONS = (
					"DEBUG=1",
					"$(inherited)",
				);
				GCC_SYMBOLS_PRIVATE_EXTERN = NO;
				GCC_WARN_64_TO_32_BIT_CONVERSION = YES;
				GCC_WARN_ABOUT_RETURN_TYPE = YES_ERROR;
				GCC_WARN_UNDECLARED_SELECTOR = YES;
				GCC_WARN_UNINITIALIZED_AUTOS = YES_AGGRESSIVE;
				GCC_WARN_UNUSED_FUNCTION = YES;
				GCC_WARN_UNUSED_VARIABLE = YES;
				IPHONEOS_DEPLOYMENT_TARGET = 8.0;
				MTL_ENABLE_DEBUG_INFO = YES;
				ONLY_ACTIVE_ARCH = YES;
				SDKROOT = iphoneos;
				SWIFT_OPTIMIZATION_LEVEL = "-Onone";
				TARGETED_DEVICE_FAMILY = 2;
			};
			name = Debug;
		};
		5590BFF3198D531A00CB76FB /* Release */ = {
			isa = XCBuildConfiguration;
			buildSettings = {
				ALWAYS_SEARCH_USER_PATHS = NO;
				CLANG_CXX_LANGUAGE_STANDARD = "gnu++0x";
				CLANG_CXX_LIBRARY = "libc++";
				CLANG_ENABLE_MODULES = YES;
				CLANG_ENABLE_OBJC_ARC = YES;
				CLANG_WARN_BOOL_CONVERSION = YES;
				CLANG_WARN_CONSTANT_CONVERSION = YES;
				CLANG_WARN_DIRECT_OBJC_ISA_USAGE = YES_ERROR;
				CLANG_WARN_EMPTY_BODY = YES;
				CLANG_WARN_ENUM_CONVERSION = YES;
				CLANG_WARN_INT_CONVERSION = YES;
				CLANG_WARN_OBJC_ROOT_CLASS = YES_ERROR;
				CLANG_WARN_UNREACHABLE_CODE = YES;
				CLANG_WARN__DUPLICATE_METHOD_MATCH = YES;
				"CODE_SIGN_IDENTITY[sdk=iphoneos*]" = "iPhone Developer";
				COPY_PHASE_STRIP = YES;
				ENABLE_NS_ASSERTIONS = NO;
				ENABLE_STRICT_OBJC_MSGSEND = YES;
				GCC_C_LANGUAGE_STANDARD = gnu99;
				GCC_WARN_64_TO_32_BIT_CONVERSION = YES;
				GCC_WARN_ABOUT_RETURN_TYPE = YES_ERROR;
				GCC_WARN_UNDECLARED_SELECTOR = YES;
				GCC_WARN_UNINITIALIZED_AUTOS = YES_AGGRESSIVE;
				GCC_WARN_UNUSED_FUNCTION = YES;
				GCC_WARN_UNUSED_VARIABLE = YES;
				IPHONEOS_DEPLOYMENT_TARGET = 8.0;
				MTL_ENABLE_DEBUG_INFO = NO;
				SDKROOT = iphoneos;
				TARGETED_DEVICE_FAMILY = 2;
				VALIDATE_PRODUCT = YES;
			};
			name = Release;
		};
		5590BFF5198D531A00CB76FB /* Debug */ = {
			isa = XCBuildConfiguration;
			buildSettings = {
				ASSETCATALOG_COMPILER_APPICON_NAME = AppIcon;
				ASSETCATALOG_COMPILER_LAUNCHIMAGE_NAME = LaunchImage;
				INFOPLIST_FILE = ShriftTrainer/Info.plist;
				LD_RUNPATH_SEARCH_PATHS = "$(inherited) @executable_path/Frameworks";
				PRODUCT_NAME = "$(TARGET_NAME)";
			};
			name = Debug;
		};
		5590BFF6198D531A00CB76FB /* Release */ = {
			isa = XCBuildConfiguration;
			buildSettings = {
				ASSETCATALOG_COMPILER_APPICON_NAME = AppIcon;
				ASSETCATALOG_COMPILER_LAUNCHIMAGE_NAME = LaunchImage;
				INFOPLIST_FILE = ShriftTrainer/Info.plist;
				LD_RUNPATH_SEARCH_PATHS = "$(inherited) @executable_path/Frameworks";
				PRODUCT_NAME = "$(TARGET_NAME)";
			};
			name = Release;
		};
		5590BFF8198D531A00CB76FB /* Debug */ = {
			isa = XCBuildConfiguration;
			buildSettings = {
				BUNDLE_LOADER = "$(BUILT_PRODUCTS_DIR)/ShriftTrainer.app/ShriftTrainer";
				FRAMEWORK_SEARCH_PATHS = (
					"$(SDKROOT)/Developer/Library/Frameworks",
					"$(inherited)",
				);
				GCC_PREPROCESSOR_DEFINITIONS = (
					"DEBUG=1",
					"$(inherited)",
				);
				INFOPLIST_FILE = ShriftTrainerTests/Info.plist;
				LD_RUNPATH_SEARCH_PATHS = "$(inherited) @executable_path/Frameworks @loader_path/Frameworks";
				PRODUCT_NAME = "$(TARGET_NAME)";
				TEST_HOST = "$(BUNDLE_LOADER)";
			};
			name = Debug;
		};
		5590BFF9198D531A00CB76FB /* Release */ = {
			isa = XCBuildConfiguration;
			buildSettings = {
				BUNDLE_LOADER = "$(BUILT_PRODUCTS_DIR)/ShriftTrainer.app/ShriftTrainer";
				FRAMEWORK_SEARCH_PATHS = (
					"$(SDKROOT)/Developer/Library/Frameworks",
					"$(inherited)",
				);
				INFOPLIST_FILE = ShriftTrainerTests/Info.plist;
				LD_RUNPATH_SEARCH_PATHS = "$(inherited) @executable_path/Frameworks @loader_path/Frameworks";
				PRODUCT_NAME = "$(TARGET_NAME)";
				TEST_HOST = "$(BUNDLE_LOADER)";
			};
			name = Release;
		};
/* End XCBuildConfiguration section */

/* Begin XCConfigurationList section */
		5590BFD3198D531900CB76FB /* Build configuration list for PBXProject "ShriftTrainer" */ = {
			isa = XCConfigurationList;
			buildConfigurations = (
				5590BFF2198D531A00CB76FB /* Debug */,
				5590BFF3198D531A00CB76FB /* Release */,
			);
			defaultConfigurationIsVisible = 0;
			defaultConfigurationName = Release;
		};
		5590BFF4198D531A00CB76FB /* Build configuration list for PBXNativeTarget "ShriftTrainer" */ = {
			isa = XCConfigurationList;
			buildConfigurations = (
				5590BFF5198D531A00CB76FB /* Debug */,
				5590BFF6198D531A00CB76FB /* Release */,
			);
			defaultConfigurationIsVisible = 0;
			defaultConfigurationName = Release;
		};
		5590BFF7198D531A00CB76FB /* Build configuration list for PBXNativeTarget "ShriftTrainerTests" */ = {
			isa = XCConfigurationList;
			buildConfigurations = (
				5590BFF8198D531A00CB76FB /* Debug */,
				5590BFF9198D531A00CB76FB /* Release */,
			);
			defaultConfigurationIsVisible = 0;
			defaultConfigurationName = Release;
		};
/* End XCConfigurationList section */
	};
	rootObject = 5590BFD0198D531900CB76FB /* Project object */;
}
